// !$*UTF8*$!
{
	archiveVersion = 1;
	classes = {
	};
	objectVersion = 46;
	objects = {

/* Begin PBXBuildFile section */
		778A151819B7024000731145 /* Foundation.framework in Frameworks */ = {isa = PBXBuildFile; fileRef = 778A151719B7024000731145 /* Foundation.framework */; };
		778A151A19B7024000731145 /* CoreGraphics.framework in Frameworks */ = {isa = PBXBuildFile; fileRef = 778A151919B7024000731145 /* CoreGraphics.framework */; };
		778A151C19B7024000731145 /* UIKit.framework in Frameworks */ = {isa = PBXBuildFile; fileRef = 778A151B19B7024000731145 /* UIKit.framework */; };
		778A152219B7024000731145 /* InfoPlist.strings in Resources */ = {isa = PBXBuildFile; fileRef = 778A152019B7024000731145 /* InfoPlist.strings */; };
		778A152419B7024000731145 /* main.m in Sources */ = {isa = PBXBuildFile; fileRef = 778A152319B7024000731145 /* main.m */; };
		778A152819B7024000731145 /* FMPAppDelegate.m in Sources */ = {isa = PBXBuildFile; fileRef = 778A152719B7024000731145 /* FMPAppDelegate.m */; };
		778A152B19B7024000731145 /* Main_iPhone.storyboard in Resources */ = {isa = PBXBuildFile; fileRef = 778A152919B7024000731145 /* Main_iPhone.storyboard */; };
		778A152E19B7024000731145 /* Main_iPad.storyboard in Resources */ = {isa = PBXBuildFile; fileRef = 778A152C19B7024000731145 /* Main_iPad.storyboard */; };
		778A153119B7024000731145 /* FMPFirstViewController.m in Sources */ = {isa = PBXBuildFile; fileRef = 778A153019B7024000731145 /* FMPFirstViewController.m */; };
		778A153419B7024000731145 /* FMPSecondViewController.m in Sources */ = {isa = PBXBuildFile; fileRef = 778A153319B7024000731145 /* FMPSecondViewController.m */; };
		778A153619B7024000731145 /* Images.xcassets in Resources */ = {isa = PBXBuildFile; fileRef = 778A153519B7024000731145 /* Images.xcassets */; };
		778A153D19B7024000731145 /* XCTest.framework in Frameworks */ = {isa = PBXBuildFile; fileRef = 778A153C19B7024000731145 /* XCTest.framework */; };
		778A153E19B7024000731145 /* Foundation.framework in Frameworks */ = {isa = PBXBuildFile; fileRef = 778A151719B7024000731145 /* Foundation.framework */; };
		778A153F19B7024000731145 /* UIKit.framework in Frameworks */ = {isa = PBXBuildFile; fileRef = 778A151B19B7024000731145 /* UIKit.framework */; };
		778A154719B7024100731145 /* InfoPlist.strings in Resources */ = {isa = PBXBuildFile; fileRef = 778A154519B7024100731145 /* InfoPlist.strings */; };
		778A154919B7024100731145 /* popbeaTests.m in Sources */ = {isa = PBXBuildFile; fileRef = 778A154819B7024100731145 /* popbeaTests.m */; };
/* End PBXBuildFile section */

/* Begin PBXContainerItemProxy section */
		778A154019B7024000731145 /* PBXContainerItemProxy */ = {
			isa = PBXContainerItemProxy;
			containerPortal = 778A150C19B7024000731145 /* Project object */;
			proxyType = 1;
			remoteGlobalIDString = 778A151319B7024000731145;
			remoteInfo = popbea;
		};
/* End PBXContainerItemProxy section */

/* Begin PBXFileReference section */
		778A151419B7024000731145 /* popbea.app */ = {isa = PBXFileReference; explicitFileType = wrapper.application; includeInIndex = 0; path = popbea.app; sourceTree = BUILT_PRODUCTS_DIR; };
		778A151719B7024000731145 /* Foundation.framework */ = {isa = PBXFileReference; lastKnownFileType = wrapper.framework; name = Foundation.framework; path = System/Library/Frameworks/Foundation.framework; sourceTree = SDKROOT; };
		778A151919B7024000731145 /* CoreGraphics.framework */ = {isa = PBXFileReference; lastKnownFileType = wrapper.framework; name = CoreGraphics.framework; path = System/Library/Frameworks/CoreGraphics.framework; sourceTree = SDKROOT; };
		778A151B19B7024000731145 /* UIKit.framework */ = {isa = PBXFileReference; lastKnownFileType = wrapper.framework; name = UIKit.framework; path = System/Library/Frameworks/UIKit.framework; sourceTree = SDKROOT; };
		778A151F19B7024000731145 /* popbea-Info.plist */ = {isa = PBXFileReference; lastKnownFileType = text.plist.xml; path = "popbea-Info.plist"; sourceTree = "<group>"; };
		778A152119B7024000731145 /* en */ = {isa = PBXFileReference; lastKnownFileType = text.plist.strings; name = en; path = en.lproj/InfoPlist.strings; sourceTree = "<group>"; };
		778A152319B7024000731145 /* main.m */ = {isa = PBXFileReference; lastKnownFileType = sourcecode.c.objc; path = main.m; sourceTree = "<group>"; };
		778A152519B7024000731145 /* popbea-Prefix.pch */ = {isa = PBXFileReference; lastKnownFileType = sourcecode.c.h; path = "popbea-Prefix.pch"; sourceTree = "<group>"; };
		778A152619B7024000731145 /* FMPAppDelegate.h */ = {isa = PBXFileReference; lastKnownFileType = sourcecode.c.h; path = FMPAppDelegate.h; sourceTree = "<group>"; };
		778A152719B7024000731145 /* FMPAppDelegate.m */ = {isa = PBXFileReference; lastKnownFileType = sourcecode.c.objc; path = FMPAppDelegate.m; sourceTree = "<group>"; };
		778A152A19B7024000731145 /* Base */ = {isa = PBXFileReference; lastKnownFileType = file.storyboard; name = Base; path = Base.lproj/Main_iPhone.storyboard; sourceTree = "<group>"; };
		778A152D19B7024000731145 /* Base */ = {isa = PBXFileReference; lastKnownFileType = file.storyboard; name = Base; path = Base.lproj/Main_iPad.storyboard; sourceTree = "<group>"; };
		778A152F19B7024000731145 /* FMPFirstViewController.h */ = {isa = PBXFileReference; lastKnownFileType = sourcecode.c.h; path = FMPFirstViewController.h; sourceTree = "<group>"; };
		778A153019B7024000731145 /* FMPFirstViewController.m */ = {isa = PBXFileReference; lastKnownFileType = sourcecode.c.objc; path = FMPFirstViewController.m; sourceTree = "<group>"; };
		778A153219B7024000731145 /* FMPSecondViewController.h */ = {isa = PBXFileReference; lastKnownFileType = sourcecode.c.h; path = FMPSecondViewController.h; sourceTree = "<group>"; };
		778A153319B7024000731145 /* FMPSecondViewController.m */ = {isa = PBXFileReference; lastKnownFileType = sourcecode.c.objc; path = FMPSecondViewController.m; sourceTree = "<group>"; };
		778A153519B7024000731145 /* Images.xcassets */ = {isa = PBXFileReference; lastKnownFileType = folder.assetcatalog; path = Images.xcassets; sourceTree = "<group>"; };
		778A153B19B7024000731145 /* popbeaTests.xctest */ = {isa = PBXFileReference; explicitFileType = wrapper.cfbundle; includeInIndex = 0; path = popbeaTests.xctest; sourceTree = BUILT_PRODUCTS_DIR; };
		778A153C19B7024000731145 /* XCTest.framework */ = {isa = PBXFileReference; lastKnownFileType = wrapper.framework; name = XCTest.framework; path = Library/Frameworks/XCTest.framework; sourceTree = DEVELOPER_DIR; };
		778A154419B7024100731145 /* popbeaTests-Info.plist */ = {isa = PBXFileReference; lastKnownFileType = text.plist.xml; path = "popbeaTests-Info.plist"; sourceTree = "<group>"; };
		778A154619B7024100731145 /* en */ = {isa = PBXFileReference; lastKnownFileType = text.plist.strings; name = en; path = en.lproj/InfoPlist.strings; sourceTree = "<group>"; };
		778A154819B7024100731145 /* popbeaTests.m */ = {isa = PBXFileReference; lastKnownFileType = sourcecode.c.objc; path = popbeaTests.m; sourceTree = "<group>"; };
/* End PBXFileReference section */

/* Begin PBXFrameworksBuildPhase section */
		778A151119B7024000731145 /* Frameworks */ = {
			isa = PBXFrameworksBuildPhase;
			buildActionMask = 2147483647;
			files = (
				778A151A19B7024000731145 /* CoreGraphics.framework in Frameworks */,
				778A151C19B7024000731145 /* UIKit.framework in Frameworks */,
				778A151819B7024000731145 /* Foundation.framework in Frameworks */,
			);
			runOnlyForDeploymentPostprocessing = 0;
		};
		778A153819B7024000731145 /* Frameworks */ = {
			isa = PBXFrameworksBuildPhase;
			buildActionMask = 2147483647;
			files = (
				778A153D19B7024000731145 /* XCTest.framework in Frameworks */,
				778A153F19B7024000731145 /* UIKit.framework in Frameworks */,
				778A153E19B7024000731145 /* Foundation.framework in Frameworks */,
			);
			runOnlyForDeploymentPostprocessing = 0;
		};
/* End PBXFrameworksBuildPhase section */

/* Begin PBXGroup section */
		778A150B19B7024000731145 = {
			isa = PBXGroup;
			children = (
				778A151D19B7024000731145 /* popbea */,
				778A154219B7024000731145 /* popbeaTests */,
				778A151619B7024000731145 /* Frameworks */,
				778A151519B7024000731145 /* Products */,
			);
			sourceTree = "<group>";
		};
		778A151519B7024000731145 /* Products */ = {
			isa = PBXGroup;
			children = (
				778A151419B7024000731145 /* popbea.app */,
				778A153B19B7024000731145 /* popbeaTests.xctest */,
			);
			name = Products;
			sourceTree = "<group>";
		};
		778A151619B7024000731145 /* Frameworks */ = {
			isa = PBXGroup;
			children = (
				778A151719B7024000731145 /* Foundation.framework */,
				778A151919B7024000731145 /* CoreGraphics.framework */,
				778A151B19B7024000731145 /* UIKit.framework */,
				778A153C19B7024000731145 /* XCTest.framework */,
			);
			name = Frameworks;
			sourceTree = "<group>";
		};
		778A151D19B7024000731145 /* popbea */ = {
			isa = PBXGroup;
			children = (
				778A152619B7024000731145 /* FMPAppDelegate.h */,
				778A152719B7024000731145 /* FMPAppDelegate.m */,
				778A152919B7024000731145 /* Main_iPhone.storyboard */,
				778A152C19B7024000731145 /* Main_iPad.storyboard */,
				778A152F19B7024000731145 /* FMPFirstViewController.h */,
				778A153019B7024000731145 /* FMPFirstViewController.m */,
				778A153219B7024000731145 /* FMPSecondViewController.h */,
				778A153319B7024000731145 /* FMPSecondViewController.m */,
				778A153519B7024000731145 /* Images.xcassets */,
				778A151E19B7024000731145 /* Supporting Files */,
			);
			path = popbea;
			sourceTree = "<group>";
		};
		778A151E19B7024000731145 /* Supporting Files */ = {
			isa = PBXGroup;
			children = (
				778A151F19B7024000731145 /* popbea-Info.plist */,
				778A152019B7024000731145 /* InfoPlist.strings */,
				778A152319B7024000731145 /* main.m */,
				778A152519B7024000731145 /* popbea-Prefix.pch */,
			);
			name = "Supporting Files";
			sourceTree = "<group>";
		};
		778A154219B7024000731145 /* popbeaTests */ = {
			isa = PBXGroup;
			children = (
				778A154819B7024100731145 /* popbeaTests.m */,
				778A154319B7024100731145 /* Supporting Files */,
			);
			path = popbeaTests;
			sourceTree = "<group>";
		};
		778A154319B7024100731145 /* Supporting Files */ = {
			isa = PBXGroup;
			children = (
				778A154419B7024100731145 /* popbeaTests-Info.plist */,
				778A154519B7024100731145 /* InfoPlist.strings */,
			);
			name = "Supporting Files";
			sourceTree = "<group>";
		};
/* End PBXGroup section */

/* Begin PBXNativeTarget section */
		778A151319B7024000731145 /* popbea */ = {
			isa = PBXNativeTarget;
			buildConfigurationList = 778A154C19B7024100731145 /* Build configuration list for PBXNativeTarget "popbea" */;
			buildPhases = (
				778A151019B7024000731145 /* Sources */,
				778A151119B7024000731145 /* Frameworks */,
				778A151219B7024000731145 /* Resources */,
			);
			buildRules = (
			);
			dependencies = (
			);
			name = popbea;
			productName = popbea;
			productReference = 778A151419B7024000731145 /* popbea.app */;
			productType = "com.apple.product-type.application";
		};
		778A153A19B7024000731145 /* popbeaTests */ = {
			isa = PBXNativeTarget;
			buildConfigurationList = 778A154F19B7024100731145 /* Build configuration list for PBXNativeTarget "popbeaTests" */;
			buildPhases = (
				778A153719B7024000731145 /* Sources */,
				778A153819B7024000731145 /* Frameworks */,
				778A153919B7024000731145 /* Resources */,
			);
			buildRules = (
			);
			dependencies = (
				778A154119B7024000731145 /* PBXTargetDependency */,
			);
			name = popbeaTests;
			productName = popbeaTests;
			productReference = 778A153B19B7024000731145 /* popbeaTests.xctest */;
			productType = "com.apple.product-type.bundle.unit-test";
		};
/* End PBXNativeTarget section */

/* Begin PBXProject section */
		778A150C19B7024000731145 /* Project object */ = {
			isa = PBXProject;
			attributes = {
				CLASSPREFIX = FMP;
				LastUpgradeCheck = 0510;
				ORGANIZATIONNAME = Fuckmeagain.org;
				TargetAttributes = {
					778A153A19B7024000731145 = {
						TestTargetID = 778A151319B7024000731145;
					};
				};
			};
			buildConfigurationList = 778A150F19B7024000731145 /* Build configuration list for PBXProject "popbea" */;
			compatibilityVersion = "Xcode 3.2";
			developmentRegion = English;
			hasScannedForEncodings = 0;
			knownRegions = (
				en,
				Base,
			);
			mainGroup = 778A150B19B7024000731145;
			productRefGroup = 778A151519B7024000731145 /* Products */;
			projectDirPath = "";
			projectRoot = "";
			targets = (
				778A151319B7024000731145 /* popbea */,
				778A153A19B7024000731145 /* popbeaTests */,
			);
		};
/* End PBXProject section */

/* Begin PBXResourcesBuildPhase section */
		778A151219B7024000731145 /* Resources */ = {
			isa = PBXResourcesBuildPhase;
			buildActionMask = 2147483647;
			files = (
				778A152E19B7024000731145 /* Main_iPad.storyboard in Resources */,
				778A153619B7024000731145 /* Images.xcassets in Resources */,
				778A152B19B7024000731145 /* Main_iPhone.storyboard in Resources */,
				778A152219B7024000731145 /* InfoPlist.strings in Resources */,
			);
			runOnlyForDeploymentPostprocessing = 0;
		};
		778A153919B7024000731145 /* Resources */ = {
			isa = PBXResourcesBuildPhase;
			buildActionMask = 2147483647;
			files = (
				778A154719B7024100731145 /* InfoPlist.strings in Resources */,
			);
			runOnlyForDeploymentPostprocessing = 0;
		};
/* End PBXResourcesBuildPhase section */

/* Begin PBXSourcesBuildPhase section */
		778A151019B7024000731145 /* Sources */ = {
			isa = PBXSourcesBuildPhase;
			buildActionMask = 2147483647;
			files = (
				778A152819B7024000731145 /* FMPAppDelegate.m in Sources */,
				778A152419B7024000731145 /* main.m in Sources */,
				778A153419B7024000731145 /* FMPSecondViewController.m in Sources */,
				778A153119B7024000731145 /* FMPFirstViewController.m in Sources */,
			);
			runOnlyForDeploymentPostprocessing = 0;
		};
		778A153719B7024000731145 /* Sources */ = {
			isa = PBXSourcesBuildPhase;
			buildActionMask = 2147483647;
			files = (
				778A154919B7024100731145 /* popbeaTests.m in Sources */,
			);
			runOnlyForDeploymentPostprocessing = 0;
		};
/* End PBXSourcesBuildPhase section */

/* Begin PBXTargetDependency section */
		778A154119B7024000731145 /* PBXTargetDependency */ = {
			isa = PBXTargetDependency;
			target = 778A151319B7024000731145 /* popbea */;
			targetProxy = 778A154019B7024000731145 /* PBXContainerItemProxy */;
		};
/* End PBXTargetDependency section */

/* Begin PBXVariantGroup section */
		778A152019B7024000731145 /* InfoPlist.strings */ = {
			isa = PBXVariantGroup;
			children = (
				778A152119B7024000731145 /* en */,
			);
			name = InfoPlist.strings;
			sourceTree = "<group>";
		};
		778A152919B7024000731145 /* Main_iPhone.storyboard */ = {
			isa = PBXVariantGroup;
			children = (
				778A152A19B7024000731145 /* Base */,
			);
			name = Main_iPhone.storyboard;
			sourceTree = "<group>";
		};
		778A152C19B7024000731145 /* Main_iPad.storyboard */ = {
			isa = PBXVariantGroup;
			children = (
				778A152D19B7024000731145 /* Base */,
			);
			name = Main_iPad.storyboard;
			sourceTree = "<group>";
		};
		778A154519B7024100731145 /* InfoPlist.strings */ = {
			isa = PBXVariantGroup;
			children = (
				778A154619B7024100731145 /* en */,
			);
			name = InfoPlist.strings;
			sourceTree = "<group>";
		};
/* End PBXVariantGroup section */

/* Begin XCBuildConfiguration section */
		778A154A19B7024100731145 /* Debug */ = {
			isa = XCBuildConfiguration;
			buildSettings = {
				ALWAYS_SEARCH_USER_PATHS = NO;
				CLANG_CXX_LANGUAGE_STANDARD = "gnu++0x";
				CLANG_CXX_LIBRARY = "libc++";
				CLANG_ENABLE_MODULES = YES;
				CLANG_ENABLE_OBJC_ARC = YES;
				CLANG_WARN_BOOL_CONVERSION = YES;
				CLANG_WARN_CONSTANT_CONVERSION = YES;
				CLANG_WARN_DIRECT_OBJC_ISA_USAGE = YES_ERROR;
				CLANG_WARN_EMPTY_BODY = YES;
				CLANG_WARN_ENUM_CONVERSION = YES;
				CLANG_WARN_INT_CONVERSION = YES;
				CLANG_WARN_OBJC_ROOT_CLASS = YES_ERROR;
				CLANG_WARN__DUPLICATE_METHOD_MATCH = YES;
				"CODE_SIGN_IDENTITY[sdk=iphoneos*]" = "iPhone Developer";
				COPY_PHASE_STRIP = NO;
				GCC_C_LANGUAGE_STANDARD = gnu99;
				GCC_DYNAMIC_NO_PIC = NO;
				GCC_OPTIMIZATION_LEVEL = 0;
				GCC_PREPROCESSOR_DEFINITIONS = (
					"DEBUG=1",
					"$(inherited)",
				);
				GCC_SYMBOLS_PRIVATE_EXTERN = NO;
				GCC_WARN_64_TO_32_BIT_CONVERSION = YES;
				GCC_WARN_ABOUT_RETURN_TYPE = YES_ERROR;
				GCC_WARN_UNDECLARED_SELECTOR = YES;
				GCC_WARN_UNINITIALIZED_AUTOS = YES_AGGRESSIVE;
				GCC_WARN_UNUSED_FUNCTION = YES;
				GCC_WARN_UNUSED_VARIABLE = YES;
				IPHONEOS_DEPLOYMENT_TARGET = 7.1;
				ONLY_ACTIVE_ARCH = YES;
				SDKROOT = iphoneos;
				TARGETED_DEVICE_FAMILY = "1,2";
			};
			name = Debug;
		};
		778A154B19B7024100731145 /* Release */ = {
			isa = XCBuildConfiguration;
			buildSettings = {
				ALWAYS_SEARCH_USER_PATHS = NO;
				CLANG_CXX_LANGUAGE_STANDARD = "gnu++0x";
				CLANG_CXX_LIBRARY = "libc++";
				CLANG_ENABLE_MODULES = YES;
				CLANG_ENABLE_OBJC_ARC = YES;
				CLANG_WARN_BOOL_CONVERSION = YES;
				CLANG_WARN_CONSTANT_CONVERSION = YES;
				CLANG_WARN_DIRECT_OBJC_ISA_USAGE = YES_ERROR;
				CLANG_WARN_EMPTY_BODY = YES;
				CLANG_WARN_ENUM_CONVERSION = YES;
				CLANG_WARN_INT_CONVERSION = YES;
				CLANG_WARN_OBJC_ROOT_CLASS = YES_ERROR;
				CLANG_WARN__DUPLICATE_METHOD_MATCH = YES;
				"CODE_SIGN_IDENTITY[sdk=iphoneos*]" = "iPhone Developer";
				COPY_PHASE_STRIP = YES;
				ENABLE_NS_ASSERTIONS = NO;
				GCC_C_LANGUAGE_STANDARD = gnu99;
				GCC_WARN_64_TO_32_BIT_CONVERSION = YES;
				GCC_WARN_ABOUT_RETURN_TYPE = YES_ERROR;
				GCC_WARN_UNDECLARED_SELECTOR = YES;
				GCC_WARN_UNINITIALIZED_AUTOS = YES_AGGRESSIVE;
				GCC_WARN_UNUSED_FUNCTION = YES;
				GCC_WARN_UNUSED_VARIABLE = YES;
				IPHONEOS_DEPLOYMENT_TARGET = 7.1;
				SDKROOT = iphoneos;
				TARGETED_DEVICE_FAMILY = "1,2";
				VALIDATE_PRODUCT = YES;
			};
			name = Release;
		};
		778A154D19B7024100731145 /* Debug */ = {
			isa = XCBuildConfiguration;
			buildSettings = {
				ASSETCATALOG_COMPILER_APPICON_NAME = AppIcon;
				ASSETCATALOG_COMPILER_LAUNCHIMAGE_NAME = LaunchImage;
				GCC_PRECOMPILE_PREFIX_HEADER = YES;
				GCC_PREFIX_HEADER = "popbea/popbea-Prefix.pch";
				INFOPLIST_FILE = "popbea/popbea-Info.plist";
				PRODUCT_NAME = "$(TARGET_NAME)";
				WRAPPER_EXTENSION = app;
			};
			name = Debug;
		};
		778A154E19B7024100731145 /* Release */ = {
			isa = XCBuildConfiguration;
			buildSettings = {
				ASSETCATALOG_COMPILER_APPICON_NAME = AppIcon;
				ASSETCATALOG_COMPILER_LAUNCHIMAGE_NAME = LaunchImage;
				GCC_PRECOMPILE_PREFIX_HEADER = YES;
				GCC_PREFIX_HEADER = "popbea/popbea-Prefix.pch";
				INFOPLIST_FILE = "popbea/popbea-Info.plist";
				PRODUCT_NAME = "$(TARGET_NAME)";
				WRAPPER_EXTENSION = app;
			};
			name = Release;
		};
		778A155019B7024100731145 /* Debug */ = {
			isa = XCBuildConfiguration;
			buildSettings = {
				BUNDLE_LOADER = "$(BUILT_PRODUCTS_DIR)/popbea.app/popbea";
				FRAMEWORK_SEARCH_PATHS = (
					"$(SDKROOT)/Developer/Library/Frameworks",
					"$(inherited)",
					"$(DEVELOPER_FRAMEWORKS_DIR)",
				);
				GCC_PRECOMPILE_PREFIX_HEADER = YES;
				GCC_PREFIX_HEADER = "popbea/popbea-Prefix.pch";
				GCC_PREPROCESSOR_DEFINITIONS = (
					"DEBUG=1",
					"$(inherited)",
				);
				INFOPLIST_FILE = "popbeaTests/popbeaTests-Info.plist";
				PRODUCT_NAME = "$(TARGET_NAME)";
				TEST_HOST = "$(BUNDLE_LOADER)";
				WRAPPER_EXTENSION = xctest;
			};
			name = Debug;
		};
		778A155119B7024100731145 /* Release */ = {
			isa = XCBuildConfiguration;
			buildSettings = {
				BUNDLE_LOADER = "$(BUILT_PRODUCTS_DIR)/popbea.app/popbea";
				FRAMEWORK_SEARCH_PATHS = (
					"$(SDKROOT)/Developer/Library/Frameworks",
					"$(inherited)",
					"$(DEVELOPER_FRAMEWORKS_DIR)",
				);
				GCC_PRECOMPILE_PREFIX_HEADER = YES;
				GCC_PREFIX_HEADER = "popbea/popbea-Prefix.pch";
				INFOPLIST_FILE = "popbeaTests/popbeaTests-Info.plist";
				PRODUCT_NAME = "$(TARGET_NAME)";
				TEST_HOST = "$(BUNDLE_LOADER)";
				WRAPPER_EXTENSION = xctest;
			};
			name = Release;
		};
/* End XCBuildConfiguration section */

/* Begin XCConfigurationList section */
		778A150F19B7024000731145 /* Build configuration list for PBXProject "popbea" */ = {
			isa = XCConfigurationList;
			buildConfigurations = (
				778A154A19B7024100731145 /* Debug */,
				778A154B19B7024100731145 /* Release */,
			);
			defaultConfigurationIsVisible = 0;
			defaultConfigurationName = Release;
		};
		778A154C19B7024100731145 /* Build configuration list for PBXNativeTarget "popbea" */ = {
			isa = XCConfigurationList;
			buildConfigurations = (
				778A154D19B7024100731145 /* Debug */,
				778A154E19B7024100731145 /* Release */,
			);
			defaultConfigurationIsVisible = 0;
		};
		778A154F19B7024100731145 /* Build configuration list for PBXNativeTarget "popbeaTests" */ = {
			isa = XCConfigurationList;
			buildConfigurations = (
				778A155019B7024100731145 /* Debug */,
				778A155119B7024100731145 /* Release */,
			);
			defaultConfigurationIsVisible = 0;
		};
/* End XCConfigurationList section */
	};
	rootObject = 778A150C19B7024000731145 /* Project object */;
}
